// !$*UTF8*$!
{
	archiveVersion = 1;
	classes = {
	};
	objectVersion = 46;
	objects = {

/* Begin PBXBuildFile section */
		207DFD441E91D77A00BCB429 /* GitHubFriendsTableViewController.swift in Sources */ = {isa = PBXBuildFile; fileRef = 207DFD431E91D77A00BCB429 /* GitHubFriendsTableViewController.swift */; };
		207DFD461E91D84E00BCB429 /* APIController.swift in Sources */ = {isa = PBXBuildFile; fileRef = 207DFD451E91D84E00BCB429 /* APIController.swift */; };
		207DFD481E91D87500BCB429 /* Friend.swift in Sources */ = {isa = PBXBuildFile; fileRef = 207DFD471E91D87500BCB429 /* Friend.swift */; };
		207DFD4A1E91E10900BCB429 /* NewFriendViewController.swift in Sources */ = {isa = PBXBuildFile; fileRef = 207DFD491E91E10900BCB429 /* NewFriendViewController.swift */; };
		2083C7E61E91D65800732317 /* AppDelegate.swift in Sources */ = {isa = PBXBuildFile; fileRef = 2083C7E51E91D65800732317 /* AppDelegate.swift */; };
		2083C7EB1E91D65800732317 /* Main.storyboard in Resources */ = {isa = PBXBuildFile; fileRef = 2083C7E91E91D65800732317 /* Main.storyboard */; };
		2083C7ED1E91D65800732317 /* Assets.xcassets in Resources */ = {isa = PBXBuildFile; fileRef = 2083C7EC1E91D65800732317 /* Assets.xcassets */; };
		2083C7F01E91D65800732317 /* LaunchScreen.storyboard in Resources */ = {isa = PBXBuildFile; fileRef = 2083C7EE1E91D65800732317 /* LaunchScreen.storyboard */; };
/* End PBXBuildFile section */

/* Begin PBXFileReference section */
		207DFD431E91D77A00BCB429 /* GitHubFriendsTableViewController.swift */ = {isa = PBXFileReference; fileEncoding = 4; lastKnownFileType = sourcecode.swift; path = GitHubFriendsTableViewController.swift; sourceTree = SOURCE_ROOT; };
		207DFD451E91D84E00BCB429 /* APIController.swift */ = {isa = PBXFileReference; fileEncoding = 4; lastKnownFileType = sourcecode.swift; path = APIController.swift; sourceTree = "<group>"; };
		207DFD471E91D87500BCB429 /* Friend.swift */ = {isa = PBXFileReference; fileEncoding = 4; lastKnownFileType = sourcecode.swift; path = Friend.swift; sourceTree = "<group>"; };
		207DFD491E91E10900BCB429 /* NewFriendViewController.swift */ = {isa = PBXFileReference; fileEncoding = 4; lastKnownFileType = sourcecode.swift; path = NewFriendViewController.swift; sourceTree = "<group>"; };
		2083C7E21E91D65800732317 /* GitHubFriends.app */ = {isa = PBXFileReference; explicitFileType = wrapper.application; includeInIndex = 0; path = GitHubFriends.app; sourceTree = BUILT_PRODUCTS_DIR; };
		2083C7E51E91D65800732317 /* AppDelegate.swift */ = {isa = PBXFileReference; lastKnownFileType = sourcecode.swift; path = AppDelegate.swift; sourceTree = "<group>"; };
		2083C7EA1E91D65800732317 /* Base */ = {isa = PBXFileReference; lastKnownFileType = file.storyboard; name = Base; path = Base.lproj/Main.storyboard; sourceTree = "<group>"; };
		2083C7EC1E91D65800732317 /* Assets.xcassets */ = {isa = PBXFileReference; lastKnownFileType = folder.assetcatalog; path = Assets.xcassets; sourceTree = "<group>"; };
		2083C7EF1E91D65800732317 /* Base */ = {isa = PBXFileReference; lastKnownFileType = file.storyboard; name = Base; path = Base.lproj/LaunchScreen.storyboard; sourceTree = "<group>"; };
		2083C7F11E91D65800732317 /* Info.plist */ = {isa = PBXFileReference; lastKnownFileType = text.plist.xml; path = Info.plist; sourceTree = "<group>"; };
/* End PBXFileReference section */

/* Begin PBXFrameworksBuildPhase section */
		2083C7DF1E91D65700732317 /* Frameworks */ = {
			isa = PBXFrameworksBuildPhase;
			buildActionMask = 2147483647;
			files = (
			);
			runOnlyForDeploymentPostprocessing = 0;
		};
/* End PBXFrameworksBuildPhase section */

/* Begin PBXGroup section */
		2083C7D91E91D65700732317 = {
			isa = PBXGroup;
			children = (
				2083C7E41E91D65800732317 /* GitHubFriends */,
				2083C7E31E91D65800732317 /* Products */,
			);
			sourceTree = "<group>";
		};
		2083C7E31E91D65800732317 /* Products */ = {
			isa = PBXGroup;
			children = (
				2083C7E21E91D65800732317 /* GitHubFriends.app */,
			);
			name = Products;
			sourceTree = "<group>";
		};
		2083C7E41E91D65800732317 /* GitHubFriends */ = {
			isa = PBXGroup;
			children = (
				207DFD431E91D77A00BCB429 /* GitHubFriendsTableViewController.swift */,
				207DFD491E91E10900BCB429 /* NewFriendViewController.swift */,
				207DFD451E91D84E00BCB429 /* APIController.swift */,
				207DFD471E91D87500BCB429 /* Friend.swift */,
				2083C7E91E91D65800732317 /* Main.storyboard */,
				2083C7E51E91D65800732317 /* AppDelegate.swift */,
				2083C7F11E91D65800732317 /* Info.plist */,
				2083C7EC1E91D65800732317 /* Assets.xcassets */,
				2083C7EE1E91D65800732317 /* LaunchScreen.storyboard */,
			);
			path = GitHubFriends;
			sourceTree = "<group>";
		};
/* End PBXGroup section */

/* Begin PBXNativeTarget section */
		2083C7E11E91D65700732317 /* GitHubFriends */ = {
			isa = PBXNativeTarget;
			buildConfigurationList = 2083C7F41E91D65800732317 /* Build configuration list for PBXNativeTarget "GitHubFriends" */;
			buildPhases = (
				2083C7DE1E91D65700732317 /* Sources */,
				2083C7DF1E91D65700732317 /* Frameworks */,
				2083C7E01E91D65700732317 /* Resources */,
			);
			buildRules = (
			);
			dependencies = (
			);
			name = GitHubFriends;
			productName = GitHubFriends;
			productReference = 2083C7E21E91D65800732317 /* GitHubFriends.app */;
			productType = "com.apple.product-type.application";
		};
/* End PBXNativeTarget section */

/* Begin PBXProject section */
		2083C7DA1E91D65700732317 /* Project object */ = {
			isa = PBXProject;
			attributes = {
				LastSwiftUpdateCheck = 0820;
				LastUpgradeCheck = 0820;
				ORGANIZATIONNAME = "Timothy Hang";
				TargetAttributes = {
					2083C7E11E91D65700732317 = {
						CreatedOnToolsVersion = 8.2.1;
						ProvisioningStyle = Automatic;
					};
				};
			};
			buildConfigurationList = 2083C7DD1E91D65700732317 /* Build configuration list for PBXProject "GitHubFriends" */;
			compatibilityVersion = "Xcode 3.2";
			developmentRegion = English;
			hasScannedForEncodings = 0;
			knownRegions = (
				en,
				Base,
			);
			mainGroup = 2083C7D91E91D65700732317;
			productRefGroup = 2083C7E31E91D65800732317 /* Products */;
			projectDirPath = "";
			projectRoot = "";
			targets = (
				2083C7E11E91D65700732317 /* GitHubFriends */,
			);
		};
/* End PBXProject section */

/* Begin PBXResourcesBuildPhase section */
		2083C7E01E91D65700732317 /* Resources */ = {
			isa = PBXResourcesBuildPhase;
			buildActionMask = 2147483647;
			files = (
				2083C7F01E91D65800732317 /* LaunchScreen.storyboard in Resources */,
				2083C7ED1E91D65800732317 /* Assets.xcassets in Resources */,
				2083C7EB1E91D65800732317 /* Main.storyboard in Resources */,
			);
			runOnlyForDeploymentPostprocessing = 0;
		};
/* End PBXResourcesBuildPhase section */

/* Begin PBXSourcesBuildPhase section */
		2083C7DE1E91D65700732317 /* Sources */ = {
			isa = PBXSourcesBuildPhase;
			buildActionMask = 2147483647;
			files = (
				207DFD441E91D77A00BCB429 /* GitHubFriendsTableViewController.swift in Sources */,
				2083C7E61E91D65800732317 /* AppDelegate.swift in Sources */,
				207DFD461E91D84E00BCB429 /* APIController.swift in Sources */,
				207DFD4A1E91E10900BCB429 /* NewFriendViewController.swift in Sources */,
				207DFD481E91D87500BCB429 /* Friend.swift in Sources */,
			);
			runOnlyForDeploymentPostprocessing = 0;
		};
/* End PBXSourcesBuildPhase section */

/* Begin PBXVariantGroup section */
		2083C7E91E91D65800732317 /* Main.storyboard */ = {
			isa = PBXVariantGroup;
			children = (
				2083C7EA1E91D65800732317 /* Base */,
			);
			name = Main.storyboard;
			sourceTree = "<group>";
		};
		2083C7EE1E91D65800732317 /* LaunchScreen.storyboard */ = {
			isa = PBXVariantGroup;
			children = (
				2083C7EF1E91D65800732317 /* Base */,
			);
			name = LaunchScreen.storyboard;
			sourceTree = "<group>";
		};
/* End PBXVariantGroup section */

/* Begin XCBuildConfiguration section */
		2083C7F21E91D65800732317 /* Debug */ = {
			isa = XCBuildConfiguration;
			buildSettings = {
				ALWAYS_SEARCH_USER_PATHS = NO;
				CLANG_ANALYZER_NONNULL = YES;
				CLANG_CXX_LANGUAGE_STANDARD = "gnu++0x";
				CLANG_CXX_LIBRARY = "libc++";
				CLANG_ENABLE_MODULES = YES;
				CLANG_ENABLE_OBJC_ARC = YES;
				CLANG_WARN_BOOL_CONVERSION = YES;
				CLANG_WARN_CONSTANT_CONVERSION = YES;
				CLANG_WARN_DIRECT_OBJC_ISA_USAGE = YES_ERROR;
				CLANG_WARN_DOCUMENTATION_COMMENTS = YES;
				CLANG_WARN_EMPTY_BODY = YES;
				CLANG_WARN_ENUM_CONVERSION = YES;
				CLANG_WARN_INFINITE_RECURSION = YES;
				CLANG_WARN_INT_CONVERSION = YES;
				CLANG_WARN_OBJC_ROOT_CLASS = YES_ERROR;
				CLANG_WARN_SUSPICIOUS_MOVE = YES;
				CLANG_WARN_UNREACHABLE_CODE = YES;
				CLANG_WARN__DUPLICATE_METHOD_MATCH = YES;
				"CODE_SIGN_IDENTITY[sdk=iphoneos*]" = "iPhone Developer";
				COPY_PHASE_STRIP = NO;
				DEBUG_INFORMATION_FORMAT = dwarf;
				ENABLE_STRICT_OBJC_MSGSEND = YES;
				ENABLE_TESTABILITY = YES;
				GCC_C_LANGUAGE_STANDARD = gnu99;
				GCC_DYNAMIC_NO_PIC = NO;
				GCC_NO_COMMON_BLOCKS = YES;
				GCC_OPTIMIZATION_LEVEL = 0;
				GCC_PREPROCESSOR_DEFINITIONS = (
					"DEBUG=1",
					"$(inherited)",
				);
				GCC_WARN_64_TO_32_BIT_CONVERSION = YES;
				GCC_WARN_ABOUT_RETURN_TYPE = YES_ERROR;
				GCC_WARN_UNDECLARED_SELECTOR = YES;
				GCC_WARN_UNINITIALIZED_AUTOS = YES_AGGRESSIVE;
				GCC_WARN_UNUSED_FUNCTION = YES;
				GCC_WARN_UNUSED_VARIABLE = YES;
				IPHONEOS_DEPLOYMENT_TARGET = 10.2;
				MTL_ENABLE_DEBUG_INFO = YES;
				ONLY_ACTIVE_ARCH = YES;
				SDKROOT = iphoneos;
				SWIFT_ACTIVE_COMPILATION_CONDITIONS = DEBUG;
				SWIFT_OPTIMIZATION_LEVEL = "-Onone";
			};
			name = Debug;
		};
		2083C7F31E91D65800732317 /* Release */ = {
			isa = XCBuildConfiguration;
			buildSettings = {
				ALWAYS_SEARCH_USER_PATHS = NO;
				CLANG_ANALYZER_NONNULL = YES;
				CLANG_CXX_LANGUAGE_STANDARD = "gnu++0x";
				CLANG_CXX_LIBRARY = "libc++";
				CLANG_ENABLE_MODULES = YES;
				CLANG_ENABLE_OBJC_ARC = YES;
				CLANG_WARN_BOOL_CONVERSION = YES;
				CLANG_WARN_CONSTANT_CONVERSION = YES;
				CLANG_WARN_DIRECT_OBJC_ISA_USAGE = YES_ERROR;
				CLANG_WARN_DOCUMENTATION_COMMENTS = YES;
				CLANG_WARN_EMPTY_BODY = YES;
				CLANG_WARN_ENUM_CONVERSION = YES;
				CLANG_WARN_INFINITE_RECURSION = YES;
				CLANG_WARN_INT_CONVERSION = YES;
				CLANG_WARN_OBJC_ROOT_CLASS = YES_ERROR;
				CLANG_WARN_SUSPICIOUS_MOVE = YES;
				CLANG_WARN_UNREACHABLE_CODE = YES;
				CLANG_WARN__DUPLICATE_METHOD_MATCH = YES;
				"CODE_SIGN_IDENTITY[sdk=iphoneos*]" = "iPhone Developer";
				COPY_PHASE_STRIP = NO;
				DEBUG_INFORMATION_FORMAT = "dwarf-with-dsym";
				ENABLE_NS_ASSERTIONS = NO;
				ENABLE_STRICT_OBJC_MSGSEND = YES;
				GCC_C_LANGUAGE_STANDARD = gnu99;
				GCC_NO_COMMON_BLOCKS = YES;
				GCC_WARN_64_TO_32_BIT_CONVERSION = YES;
				GCC_WARN_ABOUT_RETURN_TYPE = YES_ERROR;
				GCC_WARN_UNDECLARED_SELECTOR = YES;
				GCC_WARN_UNINITIALIZED_AUTOS = YES_AGGRESSIVE;
				GCC_WARN_UNUSED_FUNCTION = YES;
				GCC_WARN_UNUSED_VARIABLE = YES;
				IPHONEOS_DEPLOYMENT_TARGET = 10.2;
				MTL_ENABLE_DEBUG_INFO = NO;
				SDKROOT = iphoneos;
				SWIFT_OPTIMIZATION_LEVEL = "-Owholemodule";
				VALIDATE_PRODUCT = YES;
			};
			name = Release;
		};
		2083C7F51E91D65800732317 /* Debug */ = {
			isa = XCBuildConfiguration;
			buildSettings = {
				ASSETCATALOG_COMPILER_APPICON_NAME = AppIcon;
				INFOPLIST_FILE = GitHubFriends/Info.plist;
				LD_RUNPATH_SEARCH_PATHS = "$(inherited) @executable_path/Frameworks";
				PRODUCT_BUNDLE_IDENTIFIER = com.tiy.GitHubFriends;
				PRODUCT_NAME = "$(TARGET_NAME)";
				SWIFT_VERSION = 3.0;
			};
			name = Debug;
		};
		2083C7F61E91D65800732317 /* Release */ = {
			isa = XCBuildConfiguration;
			buildSettings = {
				ASSETCATALOG_COMPILER_APPICON_NAME = AppIcon;
				INFOPLIST_FILE = GitHubFriends/Info.plist;
				LD_RUNPATH_SEARCH_PATHS = "$(inherited) @executable_path/Frameworks";
				PRODUCT_BUNDLE_IDENTIFIER = com.tiy.GitHubFriends;
				PRODUCT_NAME = "$(TARGET_NAME)";
				SWIFT_VERSION = 3.0;
			};
			name = Release;
		};
/* End XCBuildConfiguration section */

/* Begin XCConfigurationList section */
		2083C7DD1E91D65700732317 /* Build configuration list for PBXProject "GitHubFriends" */ = {
			isa = XCConfigurationList;
			buildConfigurations = (
				2083C7F21E91D65800732317 /* Debug */,
				2083C7F31E91D65800732317 /* Release */,
			);
			defaultConfigurationIsVisible = 0;
			defaultConfigurationName = Release;
		};
		2083C7F41E91D65800732317 /* Build configuration list for PBXNativeTarget "GitHubFriends" */ = {
			isa = XCConfigurationList;
			buildConfigurations = (
				2083C7F51E91D65800732317 /* Debug */,
				2083C7F61E91D65800732317 /* Release */,
			);
			defaultConfigurationIsVisible = 0;
			defaultConfigurationName = Release;
		};
/* End XCConfigurationList section */
	};
	rootObject = 2083C7DA1E91D65700732317 /* Project object */;
}
